
Microsoft Visual Studio Solution File, Format Version 12.00
# Visual Studio Version 16
VisualStudioVersion = 16.0.31205.134
MinimumVisualStudioVersion = 10.0.40219.1
Project("{FAE04EC0-301F-11D3-BF4B-00C04F79EFBC}") = "RejestOsob", "RejestOsob\RejestOsob.csproj", "{9D5CE7F6-FCBE-429E-AFEB-24AD27D0EDFA}"
EndProject
Global
	GlobalSection(SolutionConfigurationPlatforms) = preSolution
		Debug|Any CPU = Debug|Any CPU
		Release|Any CPU = Release|Any CPU
	EndGlobalSection
	GlobalSection(ProjectConfigurationPlatforms) = postSolution
		{9D5CE7F6-FCBE-429E-AFEB-24AD27D0EDFA}.Debug|Any CPU.ActiveCfg = Debug|Any CPU
		{9D5CE7F6-FCBE-429E-AFEB-24AD27D0EDFA}.Debug|Any CPU.Build.0 = Debug|Any CPU
		{9D5CE7F6-FCBE-429E-AFEB-24AD27D0EDFA}.Release|Any CPU.ActiveCfg = Release|Any CPU
		{9D5CE7F6-FCBE-429E-AFEB-24AD27D0EDFA}.Release|Any CPU.Build.0 = Release|Any CPU
	EndGlobalSection
	GlobalSection(SolutionProperties) = preSolution
		HideSolutionNode = FALSE
	EndGlobalSection
	GlobalSection(ExtensibilityGlobals) = postSolution
		SolutionGuid = {63D142DC-D73A-409C-BDC1-554FCC5A0C09}
	EndGlobalSection
EndGlobal
